// !$*UTF8*$!
{
	archiveVersion = 1;
	classes = {
	};
	objectVersion = 46;
	objects = {

/* Begin PBXBuildFile section */
		F206902A1DE85EA80043E8E2 /* ShowItemViewController.m in Sources */ = {isa = PBXBuildFile; fileRef = F20690291DE85EA80043E8E2 /* ShowItemViewController.m */; };
		F206902C1DE868A70043E8E2 /* NewItemViewController.m in Sources */ = {isa = PBXBuildFile; fileRef = F206902B1DE868A70043E8E2 /* NewItemViewController.m */; };
		F213815A1DE68F3800DAA8D8 /* main.m in Sources */ = {isa = PBXBuildFile; fileRef = F21381591DE68F3800DAA8D8 /* main.m */; };
		F213815D1DE68F3800DAA8D8 /* AppDelegate.m in Sources */ = {isa = PBXBuildFile; fileRef = F213815C1DE68F3800DAA8D8 /* AppDelegate.m */; };
		F21381601DE68F3800DAA8D8 /* ViewController.m in Sources */ = {isa = PBXBuildFile; fileRef = F213815F1DE68F3800DAA8D8 /* ViewController.m */; };
		F21381631DE68F3800DAA8D8 /* Main.storyboard in Resources */ = {isa = PBXBuildFile; fileRef = F21381611DE68F3800DAA8D8 /* Main.storyboard */; };
		F21381651DE68F3800DAA8D8 /* Assets.xcassets in Resources */ = {isa = PBXBuildFile; fileRef = F21381641DE68F3800DAA8D8 /* Assets.xcassets */; };
		F21381681DE68F3800DAA8D8 /* LaunchScreen.storyboard in Resources */ = {isa = PBXBuildFile; fileRef = F21381661DE68F3800DAA8D8 /* LaunchScreen.storyboard */; };
/* End PBXBuildFile section */

/* Begin PBXFileReference section */
		F20690281DE85E530043E8E2 /* ShowItemViewController.h */ = {isa = PBXFileReference; fileEncoding = 4; lastKnownFileType = sourcecode.c.h; path = ShowItemViewController.h; sourceTree = "<group>"; };
		F20690291DE85EA80043E8E2 /* ShowItemViewController.m */ = {isa = PBXFileReference; fileEncoding = 4; lastKnownFileType = sourcecode.c.objc; path = ShowItemViewController.m; sourceTree = "<group>"; };
		F206902B1DE868A70043E8E2 /* NewItemViewController.m */ = {isa = PBXFileReference; fileEncoding = 4; lastKnownFileType = sourcecode.c.objc; path = NewItemViewController.m; sourceTree = "<group>"; };
		F206902D1DE868B80043E8E2 /* NewItemViewController.h */ = {isa = PBXFileReference; fileEncoding = 4; lastKnownFileType = sourcecode.c.h; path = NewItemViewController.h; sourceTree = "<group>"; };
		F21381551DE68F3800DAA8D8 /* RuiCode.app */ = {isa = PBXFileReference; explicitFileType = wrapper.application; includeInIndex = 0; path = RuiCode.app; sourceTree = BUILT_PRODUCTS_DIR; };
		F21381591DE68F3800DAA8D8 /* main.m */ = {isa = PBXFileReference; lastKnownFileType = sourcecode.c.objc; path = main.m; sourceTree = "<group>"; };
		F213815B1DE68F3800DAA8D8 /* AppDelegate.h */ = {isa = PBXFileReference; lastKnownFileType = sourcecode.c.h; path = AppDelegate.h; sourceTree = "<group>"; };
		F213815C1DE68F3800DAA8D8 /* AppDelegate.m */ = {isa = PBXFileReference; lastKnownFileType = sourcecode.c.objc; path = AppDelegate.m; sourceTree = "<group>"; };
		F213815E1DE68F3800DAA8D8 /* ViewController.h */ = {isa = PBXFileReference; lastKnownFileType = sourcecode.c.h; path = ViewController.h; sourceTree = "<group>"; };
		F213815F1DE68F3800DAA8D8 /* ViewController.m */ = {isa = PBXFileReference; lastKnownFileType = sourcecode.c.objc; path = ViewController.m; sourceTree = "<group>"; };
		F21381621DE68F3800DAA8D8 /* Base */ = {isa = PBXFileReference; lastKnownFileType = file.storyboard; name = Base; path = Base.lproj/Main.storyboard; sourceTree = "<group>"; };
		F21381641DE68F3800DAA8D8 /* Assets.xcassets */ = {isa = PBXFileReference; lastKnownFileType = folder.assetcatalog; path = Assets.xcassets; sourceTree = "<group>"; };
		F21381671DE68F3800DAA8D8 /* Base */ = {isa = PBXFileReference; lastKnownFileType = file.storyboard; name = Base; path = Base.lproj/LaunchScreen.storyboard; sourceTree = "<group>"; };
		F21381691DE68F3800DAA8D8 /* Info.plist */ = {isa = PBXFileReference; lastKnownFileType = text.plist.xml; path = Info.plist; sourceTree = "<group>"; };
/* End PBXFileReference section */

/* Begin PBXFrameworksBuildPhase section */
		F21381521DE68F3800DAA8D8 /* Frameworks */ = {
			isa = PBXFrameworksBuildPhase;
			buildActionMask = 2147483647;
			files = (
			);
			runOnlyForDeploymentPostprocessing = 0;
		};
/* End PBXFrameworksBuildPhase section */

/* Begin PBXGroup section */
		F213814C1DE68F3800DAA8D8 = {
			isa = PBXGroup;
			children = (
				F21381571DE68F3800DAA8D8 /* RuiCode */,
				F21381561DE68F3800DAA8D8 /* Products */,
			);
			sourceTree = "<group>";
		};
		F21381561DE68F3800DAA8D8 /* Products */ = {
			isa = PBXGroup;
			children = (
				F21381551DE68F3800DAA8D8 /* RuiCode.app */,
			);
			name = Products;
			sourceTree = "<group>";
		};
		F21381571DE68F3800DAA8D8 /* RuiCode */ = {
			isa = PBXGroup;
			children = (
				F213815B1DE68F3800DAA8D8 /* AppDelegate.h */,
				F206902B1DE868A70043E8E2 /* NewItemViewController.m */,
				F206902D1DE868B80043E8E2 /* NewItemViewController.h */,
				F213815C1DE68F3800DAA8D8 /* AppDelegate.m */,
				F213815E1DE68F3800DAA8D8 /* ViewController.h */,
				F213815F1DE68F3800DAA8D8 /* ViewController.m */,
				F20690281DE85E530043E8E2 /* ShowItemViewController.h */,
				F20690291DE85EA80043E8E2 /* ShowItemViewController.m */,
				F21381611DE68F3800DAA8D8 /* Main.storyboard */,
				F21381641DE68F3800DAA8D8 /* Assets.xcassets */,
				F21381661DE68F3800DAA8D8 /* LaunchScreen.storyboard */,
				F21381691DE68F3800DAA8D8 /* Info.plist */,
				F21381581DE68F3800DAA8D8 /* Supporting Files */,
			);
			path = RuiCode;
			sourceTree = "<group>";
		};
		F21381581DE68F3800DAA8D8 /* Supporting Files */ = {
			isa = PBXGroup;
			children = (
				F21381591DE68F3800DAA8D8 /* main.m */,
			);
			name = "Supporting Files";
			sourceTree = "<group>";
		};
/* End PBXGroup section */

/* Begin PBXNativeTarget section */
		F21381541DE68F3800DAA8D8 /* RuiCode */ = {
			isa = PBXNativeTarget;
			buildConfigurationList = F213816C1DE68F3800DAA8D8 /* Build configuration list for PBXNativeTarget "RuiCode" */;
			buildPhases = (
				F21381511DE68F3800DAA8D8 /* Sources */,
				F21381521DE68F3800DAA8D8 /* Frameworks */,
				F21381531DE68F3800DAA8D8 /* Resources */,
			);
			buildRules = (
			);
			dependencies = (
			);
			name = RuiCode;
			productName = RuiCode;
			productReference = F21381551DE68F3800DAA8D8 /* RuiCode.app */;
			productType = "com.apple.product-type.application";
		};
/* End PBXNativeTarget section */

/* Begin PBXProject section */
		F213814D1DE68F3800DAA8D8 /* Project object */ = {
			isa = PBXProject;
			attributes = {
				LastUpgradeCheck = 0810;
				ORGANIZATIONNAME = joe.liu;
				TargetAttributes = {
					F21381541DE68F3800DAA8D8 = {
						CreatedOnToolsVersion = 8.1;
						DevelopmentTeam = 22MKA26T87;
						ProvisioningStyle = Automatic;
					};
				};
			};
			buildConfigurationList = F21381501DE68F3800DAA8D8 /* Build configuration list for PBXProject "RuiCode" */;
			compatibilityVersion = "Xcode 3.2";
			developmentRegion = English;
			hasScannedForEncodings = 0;
			knownRegions = (
				en,
				Base,
			);
			mainGroup = F213814C1DE68F3800DAA8D8;
			productRefGroup = F21381561DE68F3800DAA8D8 /* Products */;
			projectDirPath = "";
			projectRoot = "";
			targets = (
				F21381541DE68F3800DAA8D8 /* RuiCode */,
			);
		};
/* End PBXProject section */

/* Begin PBXResourcesBuildPhase section */
		F21381531DE68F3800DAA8D8 /* Resources */ = {
			isa = PBXResourcesBuildPhase;
			buildActionMask = 2147483647;
			files = (
				F21381681DE68F3800DAA8D8 /* LaunchScreen.storyboard in Resources */,
				F21381651DE68F3800DAA8D8 /* Assets.xcassets in Resources */,
				F21381631DE68F3800DAA8D8 /* Main.storyboard in Resources */,
			);
			runOnlyForDeploymentPostprocessing = 0;
		};
/* End PBXResourcesBuildPhase section */

/* Begin PBXSourcesBuildPhase section */
		F21381511DE68F3800DAA8D8 /* Sources */ = {
			isa = PBXSourcesBuildPhase;
			buildActionMask = 2147483647;
			files = (
				F21381601DE68F3800DAA8D8 /* ViewController.m in Sources */,
				F213815D1DE68F3800DAA8D8 /* AppDelegate.m in Sources */,
				F206902A1DE85EA80043E8E2 /* ShowItemViewController.m in Sources */,
				F213815A1DE68F3800DAA8D8 /* main.m in Sources */,
				F206902C1DE868A70043E8E2 /* NewItemViewController.m in Sources */,
			);
			runOnlyForDeploymentPostprocessing = 0;
		};
/* End PBXSourcesBuildPhase section */

/* Begin PBXVariantGroup section */
		F21381611DE68F3800DAA8D8 /* Main.storyboard */ = {
			isa = PBXVariantGroup;
			children = (
				F21381621DE68F3800DAA8D8 /* Base */,
			);
			name = Main.storyboard;
			sourceTree = "<group>";
		};
		F21381661DE68F3800DAA8D8 /* LaunchScreen.storyboard */ = {
			isa = PBXVariantGroup;
			children = (
				F21381671DE68F3800DAA8D8 /* Base */,
			);
			name = LaunchScreen.storyboard;
			sourceTree = "<group>";
		};
/* End PBXVariantGroup section */

/* Begin XCBuildConfiguration section */
		F213816A1DE68F3800DAA8D8 /* Debug */ = {
			isa = XCBuildConfiguration;
			buildSettings = {
				ALWAYS_SEARCH_USER_PATHS = NO;
				CLANG_ANALYZER_NONNULL = YES;
				CLANG_CXX_LANGUAGE_STANDARD = "gnu++0x";
				CLANG_CXX_LIBRARY = "libc++";
				CLANG_ENABLE_MODULES = YES;
				CLANG_ENABLE_OBJC_ARC = YES;
				CLANG_WARN_BOOL_CONVERSION = YES;
				CLANG_WARN_CONSTANT_CONVERSION = YES;
				CLANG_WARN_DIRECT_OBJC_ISA_USAGE = YES_ERROR;
				CLANG_WARN_DOCUMENTATION_COMMENTS = YES;
				CLANG_WARN_EMPTY_BODY = YES;
				CLANG_WARN_ENUM_CONVERSION = YES;
				CLANG_WARN_INFINITE_RECURSION = YES;
				CLANG_WARN_INT_CONVERSION = YES;
				CLANG_WARN_OBJC_ROOT_CLASS = YES_ERROR;
				CLANG_WARN_SUSPICIOUS_MOVES = YES;
				CLANG_WARN_UNREACHABLE_CODE = YES;
				CLANG_WARN__DUPLICATE_METHOD_MATCH = YES;
				"CODE_SIGN_IDENTITY[sdk=iphoneos*]" = "iPhone Developer";
				COPY_PHASE_STRIP = NO;
				DEBUG_INFORMATION_FORMAT = dwarf;
				ENABLE_STRICT_OBJC_MSGSEND = YES;
				ENABLE_TESTABILITY = YES;
				GCC_C_LANGUAGE_STANDARD = gnu99;
				GCC_DYNAMIC_NO_PIC = NO;
				GCC_NO_COMMON_BLOCKS = YES;
				GCC_OPTIMIZATION_LEVEL = 0;
				GCC_PREPROCESSOR_DEFINITIONS = (
					"DEBUG=1",
					"$(inherited)",
				);
				GCC_WARN_64_TO_32_BIT_CONVERSION = YES;
				GCC_WARN_ABOUT_RETURN_TYPE = YES_ERROR;
				GCC_WARN_UNDECLARED_SELECTOR = YES;
				GCC_WARN_UNINITIALIZED_AUTOS = YES_AGGRESSIVE;
				GCC_WARN_UNUSED_FUNCTION = YES;
				GCC_WARN_UNUSED_VARIABLE = YES;
				IPHONEOS_DEPLOYMENT_TARGET = 10.1;
				MTL_ENABLE_DEBUG_INFO = YES;
				ONLY_ACTIVE_ARCH = YES;
				SDKROOT = iphoneos;
			};
			name = Debug;
		};
		F213816B1DE68F3800DAA8D8 /* Release */ = {
			isa = XCBuildConfiguration;
			buildSettings = {
				ALWAYS_SEARCH_USER_PATHS = NO;
				CLANG_ANALYZER_NONNULL = YES;
				CLANG_CXX_LANGUAGE_STANDARD = "gnu++0x";
				CLANG_CXX_LIBRARY = "libc++";
				CLANG_ENABLE_MODULES = YES;
				CLANG_ENABLE_OBJC_ARC = YES;
				CLANG_WARN_BOOL_CONVERSION = YES;
				CLANG_WARN_CONSTANT_CONVERSION = YES;
				CLANG_WARN_DIRECT_OBJC_ISA_USAGE = YES_ERROR;
				CLANG_WARN_DOCUMENTATION_COMMENTS = YES;
				CLANG_WARN_EMPTY_BODY = YES;
				CLANG_WARN_ENUM_CONVERSION = YES;
				CLANG_WARN_INFINITE_RECURSION = YES;
				CLANG_WARN_INT_CONVERSION = YES;
				CLANG_WARN_OBJC_ROOT_CLASS = YES_ERROR;
				CLANG_WARN_SUSPICIOUS_MOVES = YES;
				CLANG_WARN_UNREACHABLE_CODE = YES;
				CLANG_WARN__DUPLICATE_METHOD_MATCH = YES;
				"CODE_SIGN_IDENTITY[sdk=iphoneos*]" = "iPhone Developer";
				COPY_PHASE_STRIP = NO;
				DEBUG_INFORMATION_FORMAT = "dwarf-with-dsym";
				ENABLE_NS_ASSERTIONS = NO;
				ENABLE_STRICT_OBJC_MSGSEND = YES;
				GCC_C_LANGUAGE_STANDARD = gnu99;
				GCC_NO_COMMON_BLOCKS = YES;
				GCC_WARN_64_TO_32_BIT_CONVERSION = YES;
				GCC_WARN_ABOUT_RETURN_TYPE = YES_ERROR;
				GCC_WARN_UNDECLARED_SELECTOR = YES;
				GCC_WARN_UNINITIALIZED_AUTOS = YES_AGGRESSIVE;
				GCC_WARN_UNUSED_FUNCTION = YES;
				GCC_WARN_UNUSED_VARIABLE = YES;
				IPHONEOS_DEPLOYMENT_TARGET = 10.1;
				MTL_ENABLE_DEBUG_INFO = NO;
				SDKROOT = iphoneos;
				VALIDATE_PRODUCT = YES;
			};
			name = Release;
		};
		F213816D1DE68F3800DAA8D8 /* Debug */ = {
			isa = XCBuildConfiguration;
			buildSettings = {
				ASSETCATALOG_COMPILER_APPICON_NAME = AppIcon;
				DEVELOPMENT_TEAM = 22MKA26T87;
				INFOPLIST_FILE = RuiCode/Info.plist;
				LD_RUNPATH_SEARCH_PATHS = "$(inherited) @executable_path/Frameworks";
				PRODUCT_BUNDLE_IDENTIFIER = com.EAPSupplicant.RuiCode;
				PRODUCT_NAME = "$(TARGET_NAME)";
			};
			name = Debug;
		};
		F213816E1DE68F3800DAA8D8 /* Release */ = {
			isa = XCBuildConfiguration;
			buildSettings = {
				ASSETCATALOG_COMPILER_APPICON_NAME = AppIcon;
				DEVELOPMENT_TEAM = 22MKA26T87;
				INFOPLIST_FILE = RuiCode/Info.plist;
				LD_RUNPATH_SEARCH_PATHS = "$(inherited) @executable_path/Frameworks";
				PRODUCT_BUNDLE_IDENTIFIER = com.EAPSupplicant.RuiCode;
				PRODUCT_NAME = "$(TARGET_NAME)";
			};
			name = Release;
		};
/* End XCBuildConfiguration section */

/* Begin XCConfigurationList section */
		F21381501DE68F3800DAA8D8 /* Build configuration list for PBXProject "RuiCode" */ = {
			isa = XCConfigurationList;
			buildConfigurations = (
				F213816A1DE68F3800DAA8D8 /* Debug */,
				F213816B1DE68F3800DAA8D8 /* Release */,
			);
			defaultConfigurationIsVisible = 0;
			defaultConfigurationName = Release;
		};
		F213816C1DE68F3800DAA8D8 /* Build configuration list for PBXNativeTarget "RuiCode" */ = {
			isa = XCConfigurationList;
			buildConfigurations = (
				F213816D1DE68F3800DAA8D8 /* Debug */,
				F213816E1DE68F3800DAA8D8 /* Release */,
			);
			defaultConfigurationIsVisible = 0;
			defaultConfigurationName = Release;
		};
/* End XCConfigurationList section */
	};
	rootObject = F213814D1DE68F3800DAA8D8 /* Project object */;
}
